
Microsoft Visual Studio Solution File, Format Version 12.00
# Visual Studio Version 17
VisualStudioVersion = 17.7.34202.233
MinimumVisualStudioVersion = 10.0.40219.1
Project("{9A19103F-16F7-4668-BE54-9A1E7A4F7556}") = "gp2_proje", "gp2_proje\gp2_proje.csproj", "{DB790EB6-5AF6-4EFB-9653-2980548CF912}"
EndProject
Project("{2150E333-8FDC-42A3-9474-1A3956D46DE8}") = "Solution Items", "Solution Items", "{545A55EE-174A-4DF7-80E6-0255C785F8F8}"
	ProjectSection(SolutionItems) = preProject
		.editorconfig = .editorconfig
	EndProjectSection
EndProject
Global
	GlobalSection(SolutionConfigurationPlatforms) = preSolution
		Debug|Any CPU = Debug|Any CPU
		Release|Any CPU = Release|Any CPU
	EndGlobalSection
	GlobalSection(ProjectConfigurationPlatforms) = postSolution
		{DB790EB6-5AF6-4EFB-9653-2980548CF912}.Debug|Any CPU.ActiveCfg = Debug|Any CPU
		{DB790EB6-5AF6-4EFB-9653-2980548CF912}.Debug|Any CPU.Build.0 = Debug|Any CPU
		{DB790EB6-5AF6-4EFB-9653-2980548CF912}.Release|Any CPU.ActiveCfg = Release|Any CPU
		{DB790EB6-5AF6-4EFB-9653-2980548CF912}.Release|Any CPU.Build.0 = Release|Any CPU
	EndGlobalSection
	GlobalSection(SolutionProperties) = preSolution
		HideSolutionNode = FALSE
	EndGlobalSection
	GlobalSection(ExtensibilityGlobals) = postSolution
		SolutionGuid = {2D641DB7-28B8-4A57-B396-EA49B713D3BA}
	EndGlobalSection
EndGlobal
